{
  "name": "uni-shop",
  "lockfileVersion": 2,
  "requires": true,
  "packages": {
    "": {
      "dependencies": {
        "uni-read-pages": "^1.0.5",
        "uni-simple-router": "^2.0.6"
      }
    },
    "node_modules/uni-read-pages": {
      "version": "1.0.5",
      "resolved": "https://registry.npmmirror.com/uni-read-pages/-/uni-read-pages-1.0.5.tgz",
      "integrity": "sha512-GkrrZ0LX0vn9R5k6RKEi0Ez3Q3e2vUpjXQ8Z6/K/d28KudI9ajqgt8WEjQFlG5EPm1K6uTArN8LlqmZTEixDUA==",
      "hasInstallScript": true
    },
    "node_modules/uni-simple-router": {
      "version": "2.0.6",
      "resolved": "https://registry.npmmirror.com/uni-simple-router/-/uni-simple-router-2.0.6.tgz",
      "integrity": "sha512-n5gepoT3QcBrvVLeTCY/DjUjC4m1hNzwFlOa1VlCsww/4/34MGfvegpN9OWR8jOxxtUPKGHLAG0yODL/ITCwbw=="
    }
  },
  "dependencies": {
    "uni-read-pages": {
      "version": "1.0.5",
      "resolved": "https://registry.npmmirror.com/uni-read-pages/-/uni-read-pages-1.0.5.tgz",
      "integrity": "sha512-GkrrZ0LX0vn9R5k6RKEi0Ez3Q3e2vUpjXQ8Z6/K/d28KudI9ajqgt8WEjQFlG5EPm1K6uTArN8LlqmZTEixDUA=="
    },
    "uni-simple-router": {
      "version": "2.0.6",
      "resolved": "https://registry.npmmirror.com/uni-simple-router/-/uni-simple-router-2.0.6.tgz",
      "integrity": "sha512-n5gepoT3QcBrvVLeTCY/DjUjC4m1hNzwFlOa1VlCsww/4/34MGfvegpN9OWR8jOxxtUPKGHLAG0yODL/ITCwbw=="
    }
  }
}
